
Microsoft Visual Studio Solution File, Format Version 12.00
# Visual Studio Version 17
VisualStudioVersion = 17.5.002.0
MinimumVisualStudioVersion = 10.0.40219.1
Project("{9A19103F-16F7-4668-BE54-9A1E7A4F7556}") = "admin-dashboard-dotnet", "admin-dashboard-dotnet.csproj", "{882FA86B-6A81-4270-8D22-2FD4027D55CF}"
EndProject
Global
	GlobalSection(SolutionConfigurationPlatforms) = preSolution
		Debug|Any CPU = Debug|Any CPU
		Release|Any CPU = Release|Any CPU
	EndGlobalSection
	GlobalSection(ProjectConfigurationPlatforms) = postSolution
		{882FA86B-6A81-4270-8D22-2FD4027D55CF}.Debug|Any CPU.ActiveCfg = Debug|Any CPU
		{882FA86B-6A81-4270-8D22-2FD4027D55CF}.Debug|Any CPU.Build.0 = Debug|Any CPU
		{882FA86B-6A81-4270-8D22-2FD4027D55CF}.Release|Any CPU.ActiveCfg = Release|Any CPU
		{882FA86B-6A81-4270-8D22-2FD4027D55CF}.Release|Any CPU.Build.0 = Release|Any CPU
	EndGlobalSection
	GlobalSection(SolutionProperties) = preSolution
		HideSolutionNode = FALSE
	EndGlobalSection
	GlobalSection(ExtensibilityGlobals) = postSolution
		SolutionGuid = {BBD856B2-9FD2-4D36-971D-0240959E9EF3}
	EndGlobalSection
EndGlobal
